{
  "name": "workers-qr-code-generator",
  "version": "0.1.0",
  "lockfileVersion": 3,
  "requires": true,
  "packages": {
    "": {
      "name": "workers-qr-code-generator",
      "version": "0.1.0",
      "dependencies": {
        "qrcode-svg": "^1.1.0"
      }
    },
    "node_modules/qrcode-svg": {
      "version": "1.1.0",
      "resolved": "https://registry.npmjs.org/qrcode-svg/-/qrcode-svg-1.1.0.tgz",
      "integrity": "sha512-XyQCIXux1zEIA3NPb0AeR8UMYvXZzWEhgdBgBjH9gO7M48H9uoHzviNz8pXw3UzrAcxRRRn9gxHewAVK7bn9qw==",
      "license": "MIT",
      "bin": {
        "qrcode-svg": "bin/qrcode-svg.js"
      }
    }
  }
}
